github.com/JedBeom/airq v0.1.0 h1:E0csdGh9GLjCFDgboGWIxVqbi7R/BydzsgcDF5q2IOc=
github.com/JedBeom/airq v0.1.0/go.mod h1:gZt/TcTA7sWgzpr+xXy4yeZ1f75n+FjFgyGPMF8eZ9E=
github.com/JedBeom/schoolmeal v0.0.1 h1:83ZBvM2s5YuXo0msZ/AxN6Q+dp8UV3YC9mPrLUmSIJ8=
github.com/JedBeom/schoolmeal v0.0.1/go.mod h1:TCsV1dxYuk0GIXGdjqNE7uC7GoXrbGmLIoqQeBlJUeE=
github.com/anaskhan96/soup v1.1.1 h1:Duux/0htS2Va7XLJ9qIakCSey790hg9OFRm2FwlMTy0=
github.com/anaskhan96/soup v1.1.1/go.mod h1:pT5vs4HXDwA5y4KQCsKvnkpQd3D+joP7IqpiGskfWW0=
github.com/araddon/dateparse v0.0.0-20181123171228-21df004e09ca h1:7tLEgJZb8/+TI8fLso4lINkuSOI4DqQYwhFB+nRH7RQ=
github.com/araddon/dateparse v0.0.0-20181123171228-21df004e09ca/go.mod h1:SLqhdZcd+dF3TEVL2RMoob5bBP5R1P1qkox+HtCBgGI=
github.com/buger/jsonparser v0.0.0-20181115193947-bf1c66bbce23 h1:D21IyuvjDCshj1/qq+pCNd3VZOAEI9jy6Bi131YlXgI=
github.com/buger/jsonparser v0.0.0-20181115193947-bf1c66bbce23/go.mod h1:bbYlZJ7hK1yFx9hf58LP0zeX7UjIGs20ufpu3evjr+s=
github.com/jasonlvhit/gocron v0.0.0-20180312192515-54194c9749d4 h1:pxDHjTXOh3pcCRouZv+QBWXZAzjEMX4WYH9zueqlJmo=
github.com/jasonlvhit/gocron v0.0.0-20180312192515-54194c9749d4/go.mod h1:rwi/esz/h+4oWLhbWWK7f6dtmgLzxeZhnwGr7MCsTNk=
github.com/pkg/errors v0.8.0 h1:WdK/asTD0HN+q6hsWO3/vpuAkAr+tw6aNJNDFFf0+qw=
github.com/pkg/errors v0.8.0/go.mod h1:bwawxfHBFNV+L2hUp1rHADufV3IMtnDRdf1r5NINEl0=
golang.org/x/net v0.0.0-20181220203305-927f97764cc3 h1:eH6Eip3UpmR+yM/qI9Ijluzb1bNv/cAU/n+6l8tRSis=
golang.org/x/net v0.0.0-20181220203305-927f97764cc3/go.mod h1:mL1N/T3taQHkDXs73rZJwtUhF3w3ftmwwsq0BUmARs4=
